
Microsoft Visual Studio Solution File, Format Version 12.00
# Visual Studio Version 16
VisualStudioVersion = 16.0.29001.49
MinimumVisualStudioVersion = 10.0.40219.1
Project("{FAE04EC0-301F-11D3-BF4B-00C04F79EFBC}") = "TestFirstWFapp", "TestFirstWFapp\TestFirstWFapp.csproj", "{3E434999-4835-4283-940A-D5F6BA390849}"
EndProject
Global
	GlobalSection(SolutionConfigurationPlatforms) = preSolution
		Debug|Any CPU = Debug|Any CPU
		Release|Any CPU = Release|Any CPU
	EndGlobalSection
	GlobalSection(ProjectConfigurationPlatforms) = postSolution
		{3E434999-4835-4283-940A-D5F6BA390849}.Debug|Any CPU.ActiveCfg = Debug|Any CPU
		{3E434999-4835-4283-940A-D5F6BA390849}.Debug|Any CPU.Build.0 = Debug|Any CPU
		{3E434999-4835-4283-940A-D5F6BA390849}.Release|Any CPU.ActiveCfg = Release|Any CPU
		{3E434999-4835-4283-940A-D5F6BA390849}.Release|Any CPU.Build.0 = Release|Any CPU
	EndGlobalSection
	GlobalSection(SolutionProperties) = preSolution
		HideSolutionNode = FALSE
	EndGlobalSection
	GlobalSection(ExtensibilityGlobals) = postSolution
		SolutionGuid = {886F84F4-E59B-41FE-AA8D-85452415D4C2}
	EndGlobalSection
EndGlobal
